# This file is automatically @generated by Poetry 2.1.4 and should not be changed by hand.

[[package]]
name = "pathlib"
version = "1.0.1"
description = "Object-oriented filesystem paths"
optional = false
python-versions = "*"
groups = ["main"]
files = [
    {file = "pathlib-1.0.1-py3-none-any.whl", hash = "sha256:f35f95ab8b0f59e6d354090350b44a80a80635d22efdedfa84c7ad1cf0a74147"},
    {file = "pathlib-1.0.1.tar.gz", hash = "sha256:6940718dfc3eff4258203ad5021090933e5c04707d5ca8cc9e73c94a7894ea9f"},
]

[[package]]
name = "subprocess-run"
version = "0.0.8"
description = "The subprocess module extension to run processes."
optional = false
python-versions = "*"
groups = ["main"]
files = [
    {file = "subprocess.run-0.0.8.tar.gz", hash = "sha256:5760270139acc4cc4058184e539f5b613dbe0073d84ee43247c2e0fc5c04db4e"},
]

[metadata]
lock-version = "2.1"
python-versions = ">=3.10,<3.13"
content-hash = "962eb3c73db73ea837f4071e18e969fe88bdb7af66e4c9f110852dedeed26e27"
